
Microsoft Visual Studio Solution File, Format Version 12.00
# Visual Studio 15
VisualStudioVersion = 15.0.27004.2005
MinimumVisualStudioVersion = 10.0.40219.1
Project("{FAE04EC0-301F-11D3-BF4B-00C04F79EFBC}") = "CalculoDeDesconto", "CalculoDeDesconto\CalculoDeDesconto.csproj", "{7DEC54F7-B0E2-4092-8A26-90790B352731}"
EndProject
Project("{FAE04EC0-301F-11D3-BF4B-00C04F79EFBC}") = "TesteDesconto", "TesteDesconto\TesteDesconto.csproj", "{EFB3ADFD-2C17-421B-BFDD-5E09FDBC9BAA}"
EndProject
Global
	GlobalSection(SolutionConfigurationPlatforms) = preSolution
		Debug|Any CPU = Debug|Any CPU
		Release|Any CPU = Release|Any CPU
	EndGlobalSection
	GlobalSection(ProjectConfigurationPlatforms) = postSolution
		{7DEC54F7-B0E2-4092-8A26-90790B352731}.Debug|Any CPU.ActiveCfg = Debug|Any CPU
		{7DEC54F7-B0E2-4092-8A26-90790B352731}.Debug|Any CPU.Build.0 = Debug|Any CPU
		{7DEC54F7-B0E2-4092-8A26-90790B352731}.Release|Any CPU.ActiveCfg = Release|Any CPU
		{7DEC54F7-B0E2-4092-8A26-90790B352731}.Release|Any CPU.Build.0 = Release|Any CPU
		{EFB3ADFD-2C17-421B-BFDD-5E09FDBC9BAA}.Debug|Any CPU.ActiveCfg = Debug|Any CPU
		{EFB3ADFD-2C17-421B-BFDD-5E09FDBC9BAA}.Debug|Any CPU.Build.0 = Debug|Any CPU
		{EFB3ADFD-2C17-421B-BFDD-5E09FDBC9BAA}.Release|Any CPU.ActiveCfg = Release|Any CPU
		{EFB3ADFD-2C17-421B-BFDD-5E09FDBC9BAA}.Release|Any CPU.Build.0 = Release|Any CPU
	EndGlobalSection
	GlobalSection(SolutionProperties) = preSolution
		HideSolutionNode = FALSE
	EndGlobalSection
	GlobalSection(ExtensibilityGlobals) = postSolution
		SolutionGuid = {D57CAEA6-63CB-4559-9526-60E7FC71244D}
	EndGlobalSection
EndGlobal
